
Microsoft Visual Studio Solution File, Format Version 12.00
# Visual Studio Version 17
VisualStudioVersion = 17.2.32630.192
MinimumVisualStudioVersion = 10.0.40219.1
Project("{FAE04EC0-301F-11D3-BF4B-00C04F79EFBC}") = "Time Server", "Time Server\Time Server.csproj", "{FDF41188-4E15-4D19-8D2A-F1BC981E72D8}"
EndProject
Project("{FAE04EC0-301F-11D3-BF4B-00C04F79EFBC}") = "Time Client", "Time Client\Time Client.csproj", "{F1E87603-C598-44D7-A178-DBE72FAD531F}"
EndProject
Global
	GlobalSection(SolutionConfigurationPlatforms) = preSolution
		Debug|Any CPU = Debug|Any CPU
		Release|Any CPU = Release|Any CPU
	EndGlobalSection
	GlobalSection(ProjectConfigurationPlatforms) = postSolution
		{FDF41188-4E15-4D19-8D2A-F1BC981E72D8}.Debug|Any CPU.ActiveCfg = Debug|Any CPU
		{FDF41188-4E15-4D19-8D2A-F1BC981E72D8}.Debug|Any CPU.Build.0 = Debug|Any CPU
		{FDF41188-4E15-4D19-8D2A-F1BC981E72D8}.Release|Any CPU.ActiveCfg = Release|Any CPU
		{FDF41188-4E15-4D19-8D2A-F1BC981E72D8}.Release|Any CPU.Build.0 = Release|Any CPU
		{F1E87603-C598-44D7-A178-DBE72FAD531F}.Debug|Any CPU.ActiveCfg = Debug|Any CPU
		{F1E87603-C598-44D7-A178-DBE72FAD531F}.Debug|Any CPU.Build.0 = Debug|Any CPU
		{F1E87603-C598-44D7-A178-DBE72FAD531F}.Release|Any CPU.ActiveCfg = Release|Any CPU
		{F1E87603-C598-44D7-A178-DBE72FAD531F}.Release|Any CPU.Build.0 = Release|Any CPU
	EndGlobalSection
	GlobalSection(SolutionProperties) = preSolution
		HideSolutionNode = FALSE
	EndGlobalSection
	GlobalSection(ExtensibilityGlobals) = postSolution
		SolutionGuid = {D533BD2F-6B2A-4B89-882A-A15CAB5D9554}
	EndGlobalSection
EndGlobal
